
Microsoft Visual Studio Solution File, Format Version 12.00
# Visual Studio Version 17
VisualStudioVersion = 17.1.32407.343
MinimumVisualStudioVersion = 10.0.40219.1
Project("{FAE04EC0-301F-11D3-BF4B-00C04F79EFBC}") = "task 11", "task 11.csproj", "{7EEBD234-5DC5-4B60-94F9-0C7076C03AA7}"
EndProject
Global
	GlobalSection(SolutionConfigurationPlatforms) = preSolution
		Debug|Any CPU = Debug|Any CPU
		Release|Any CPU = Release|Any CPU
	EndGlobalSection
	GlobalSection(ProjectConfigurationPlatforms) = postSolution
		{7EEBD234-5DC5-4B60-94F9-0C7076C03AA7}.Debug|Any CPU.ActiveCfg = Debug|Any CPU
		{7EEBD234-5DC5-4B60-94F9-0C7076C03AA7}.Debug|Any CPU.Build.0 = Debug|Any CPU
		{7EEBD234-5DC5-4B60-94F9-0C7076C03AA7}.Release|Any CPU.ActiveCfg = Release|Any CPU
		{7EEBD234-5DC5-4B60-94F9-0C7076C03AA7}.Release|Any CPU.Build.0 = Release|Any CPU
	EndGlobalSection
	GlobalSection(SolutionProperties) = preSolution
		HideSolutionNode = FALSE
	EndGlobalSection
	GlobalSection(ExtensibilityGlobals) = postSolution
		SolutionGuid = {046DF519-F027-4749-A61A-5E781BAEB25D}
	EndGlobalSection
EndGlobal
